
Microsoft Visual Studio Solution File, Format Version 12.00
# Visual Studio Version 17
VisualStudioVersion = 17.6.33829.357
MinimumVisualStudioVersion = 10.0.40219.1
Project("{2150E333-8FDC-42A3-9474-1A3956D46DE8}") = "Services", "Services", "{4DCEA010-0931-48D8-9657-E0B66E140D24}"
EndProject
Project("{2150E333-8FDC-42A3-9474-1A3956D46DE8}") = "ERP", "ERP", "{1B6A9BAC-564F-4B3E-80BF-A5BCBF3F80A7}"
EndProject
Project("{9A19103F-16F7-4668-BE54-9A1E7A4F7556}") = "ChangLi.API", "src\ChangLi.API\ChangLi.API.csproj", "{355AFB0A-CA1B-4F44-B4B7-081E9039C9A4}"
EndProject
Project("{9A19103F-16F7-4668-BE54-9A1E7A4F7556}") = "ChangLi.Domain", "src\ChangLi.Domain\ChangLi.Domain.csproj", "{45049321-405F-4D6D-B18C-D649EE21B38A}"
EndProject
Project("{9A19103F-16F7-4668-BE54-9A1E7A4F7556}") = "ChangLi.Infrastructure", "src\ChangLi.Infrastructure\ChangLi.Infrastructure.csproj", "{287359F1-1021-4828-9136-6CDE528C37D1}"
EndProject
Project("{9A19103F-16F7-4668-BE54-9A1E7A4F7556}") = "ChangLi.Shared", "src\ChangLi.Shared\ChangLi.Shared.csproj", "{CE34EC03-DB88-4F8E-8DA8-3F580120D46C}"
EndProject
Project("{2150E333-8FDC-42A3-9474-1A3956D46DE8}") = ".Common", ".Common", "{29641A80-E63F-4D55-9EF8-DF82789567D8}"
	ProjectSection(SolutionItems) = preProject
		CHANGELOG.md = CHANGELOG.md
		LICENSE = LICENSE
		README.md = README.md
	EndProjectSection
EndProject
Global
	GlobalSection(SolutionConfigurationPlatforms) = preSolution
		Debug|Any CPU = Debug|Any CPU
		Release|Any CPU = Release|Any CPU
	EndGlobalSection
	GlobalSection(ProjectConfigurationPlatforms) = postSolution
		{355AFB0A-CA1B-4F44-B4B7-081E9039C9A4}.Debug|Any CPU.ActiveCfg = Debug|Any CPU
		{355AFB0A-CA1B-4F44-B4B7-081E9039C9A4}.Debug|Any CPU.Build.0 = Debug|Any CPU
		{355AFB0A-CA1B-4F44-B4B7-081E9039C9A4}.Release|Any CPU.ActiveCfg = Release|Any CPU
		{355AFB0A-CA1B-4F44-B4B7-081E9039C9A4}.Release|Any CPU.Build.0 = Release|Any CPU
		{45049321-405F-4D6D-B18C-D649EE21B38A}.Debug|Any CPU.ActiveCfg = Debug|Any CPU
		{45049321-405F-4D6D-B18C-D649EE21B38A}.Debug|Any CPU.Build.0 = Debug|Any CPU
		{45049321-405F-4D6D-B18C-D649EE21B38A}.Release|Any CPU.ActiveCfg = Release|Any CPU
		{45049321-405F-4D6D-B18C-D649EE21B38A}.Release|Any CPU.Build.0 = Release|Any CPU
		{287359F1-1021-4828-9136-6CDE528C37D1}.Debug|Any CPU.ActiveCfg = Debug|Any CPU
		{287359F1-1021-4828-9136-6CDE528C37D1}.Debug|Any CPU.Build.0 = Debug|Any CPU
		{287359F1-1021-4828-9136-6CDE528C37D1}.Release|Any CPU.ActiveCfg = Release|Any CPU
		{287359F1-1021-4828-9136-6CDE528C37D1}.Release|Any CPU.Build.0 = Release|Any CPU
		{CE34EC03-DB88-4F8E-8DA8-3F580120D46C}.Debug|Any CPU.ActiveCfg = Debug|Any CPU
		{CE34EC03-DB88-4F8E-8DA8-3F580120D46C}.Debug|Any CPU.Build.0 = Debug|Any CPU
		{CE34EC03-DB88-4F8E-8DA8-3F580120D46C}.Release|Any CPU.ActiveCfg = Release|Any CPU
		{CE34EC03-DB88-4F8E-8DA8-3F580120D46C}.Release|Any CPU.Build.0 = Release|Any CPU
	EndGlobalSection
	GlobalSection(SolutionProperties) = preSolution
		HideSolutionNode = FALSE
	EndGlobalSection
	GlobalSection(NestedProjects) = preSolution
		{1B6A9BAC-564F-4B3E-80BF-A5BCBF3F80A7} = {4DCEA010-0931-48D8-9657-E0B66E140D24}
		{355AFB0A-CA1B-4F44-B4B7-081E9039C9A4} = {1B6A9BAC-564F-4B3E-80BF-A5BCBF3F80A7}
		{45049321-405F-4D6D-B18C-D649EE21B38A} = {1B6A9BAC-564F-4B3E-80BF-A5BCBF3F80A7}
		{287359F1-1021-4828-9136-6CDE528C37D1} = {1B6A9BAC-564F-4B3E-80BF-A5BCBF3F80A7}
		{CE34EC03-DB88-4F8E-8DA8-3F580120D46C} = {1B6A9BAC-564F-4B3E-80BF-A5BCBF3F80A7}
	EndGlobalSection
	GlobalSection(ExtensibilityGlobals) = postSolution
		SolutionGuid = {B33215BF-D584-48E1-A7C8-A522F4C0C661}
	EndGlobalSection
EndGlobal
